// !$*UTF8*$!
{
	archiveVersion = 1;
	classes = {
	};
	objectVersion = 46;
	objects = {

/* Begin PBXBuildFile section */
		9229D02815C2A7F500BB59F0 /* UIKit.framework in Frameworks */ = {isa = PBXBuildFile; fileRef = 9229D02715C2A7F500BB59F0 /* UIKit.framework */; };
		9229D02A15C2A7F500BB59F0 /* Foundation.framework in Frameworks */ = {isa = PBXBuildFile; fileRef = 9229D02915C2A7F500BB59F0 /* Foundation.framework */; };
		9229D02C15C2A7F500BB59F0 /* CoreGraphics.framework in Frameworks */ = {isa = PBXBuildFile; fileRef = 9229D02B15C2A7F500BB59F0 /* CoreGraphics.framework */; };
		9229D03215C2A7F500BB59F0 /* InfoPlist.strings in Resources */ = {isa = PBXBuildFile; fileRef = 9229D03015C2A7F500BB59F0 /* InfoPlist.strings */; };
		9229D03415C2A7F500BB59F0 /* main.m in Sources */ = {isa = PBXBuildFile; fileRef = 9229D03315C2A7F500BB59F0 /* main.m */; };
		9229D03815C2A7F500BB59F0 /* WAAppDelegate.m in Sources */ = {isa = PBXBuildFile; fileRef = 9229D03715C2A7F500BB59F0 /* WAAppDelegate.m */; };
		9229D03B15C2A7F500BB59F0 /* WAViewController.m in Sources */ = {isa = PBXBuildFile; fileRef = 9229D03A15C2A7F500BB59F0 /* WAViewController.m */; };
		9229D03E15C2A7F500BB59F0 /* WAViewController.xib in Resources */ = {isa = PBXBuildFile; fileRef = 9229D03C15C2A7F500BB59F0 /* WAViewController.xib */; };
		9229D04615C2A80F00BB59F0 /* PaperDrawable.m in Sources */ = {isa = PBXBuildFile; fileRef = 9229D04515C2A80F00BB59F0 /* PaperDrawable.m */; };
		9229D04815C2A85900BB59F0 /* QuartzCore.framework in Frameworks */ = {isa = PBXBuildFile; fileRef = 9229D04715C2A85900BB59F0 /* QuartzCore.framework */; };
		9229D04F15C2A95F00BB59F0 /* Common.m in Sources */ = {isa = PBXBuildFile; fileRef = 9229D04E15C2A95F00BB59F0 /* Common.m */; };
		9229D05115C2B19E00BB59F0 /* README in Resources */ = {isa = PBXBuildFile; fileRef = 9229D05015C2B19E00BB59F0 /* README */; };
/* End PBXBuildFile section */

/* Begin PBXFileReference section */
		9229D02315C2A7F500BB59F0 /* PapersBackgroundDemo.app */ = {isa = PBXFileReference; explicitFileType = wrapper.application; includeInIndex = 0; path = PapersBackgroundDemo.app; sourceTree = BUILT_PRODUCTS_DIR; };
		9229D02715C2A7F500BB59F0 /* UIKit.framework */ = {isa = PBXFileReference; lastKnownFileType = wrapper.framework; name = UIKit.framework; path = System/Library/Frameworks/UIKit.framework; sourceTree = SDKROOT; };
		9229D02915C2A7F500BB59F0 /* Foundation.framework */ = {isa = PBXFileReference; lastKnownFileType = wrapper.framework; name = Foundation.framework; path = System/Library/Frameworks/Foundation.framework; sourceTree = SDKROOT; };
		9229D02B15C2A7F500BB59F0 /* CoreGraphics.framework */ = {isa = PBXFileReference; lastKnownFileType = wrapper.framework; name = CoreGraphics.framework; path = System/Library/Frameworks/CoreGraphics.framework; sourceTree = SDKROOT; };
		9229D02F15C2A7F500BB59F0 /* PapersBackgroundDemo-Info.plist */ = {isa = PBXFileReference; lastKnownFileType = text.plist.xml; path = "PapersBackgroundDemo-Info.plist"; sourceTree = "<group>"; };
		9229D03115C2A7F500BB59F0 /* en */ = {isa = PBXFileReference; lastKnownFileType = text.plist.strings; name = en; path = en.lproj/InfoPlist.strings; sourceTree = "<group>"; };
		9229D03315C2A7F500BB59F0 /* main.m */ = {isa = PBXFileReference; lastKnownFileType = sourcecode.c.objc; path = main.m; sourceTree = "<group>"; };
		9229D03515C2A7F500BB59F0 /* PapersBackgroundDemo-Prefix.pch */ = {isa = PBXFileReference; lastKnownFileType = sourcecode.c.h; path = "PapersBackgroundDemo-Prefix.pch"; sourceTree = "<group>"; };
		9229D03615C2A7F500BB59F0 /* WAAppDelegate.h */ = {isa = PBXFileReference; lastKnownFileType = sourcecode.c.h; path = WAAppDelegate.h; sourceTree = "<group>"; };
		9229D03715C2A7F500BB59F0 /* WAAppDelegate.m */ = {isa = PBXFileReference; lastKnownFileType = sourcecode.c.objc; path = WAAppDelegate.m; sourceTree = "<group>"; };
		9229D03915C2A7F500BB59F0 /* WAViewController.h */ = {isa = PBXFileReference; lastKnownFileType = sourcecode.c.h; path = WAViewController.h; sourceTree = "<group>"; };
		9229D03A15C2A7F500BB59F0 /* WAViewController.m */ = {isa = PBXFileReference; lastKnownFileType = sourcecode.c.objc; path = WAViewController.m; sourceTree = "<group>"; };
		9229D03D15C2A7F500BB59F0 /* en */ = {isa = PBXFileReference; lastKnownFileType = file.xib; name = en; path = en.lproj/WAViewController.xib; sourceTree = "<group>"; };
		9229D04415C2A80F00BB59F0 /* PaperDrawable.h */ = {isa = PBXFileReference; fileEncoding = 4; lastKnownFileType = sourcecode.c.h; path = PaperDrawable.h; sourceTree = "<group>"; };
		9229D04515C2A80F00BB59F0 /* PaperDrawable.m */ = {isa = PBXFileReference; fileEncoding = 4; lastKnownFileType = sourcecode.c.objc; path = PaperDrawable.m; sourceTree = "<group>"; };
		9229D04715C2A85900BB59F0 /* QuartzCore.framework */ = {isa = PBXFileReference; lastKnownFileType = wrapper.framework; name = QuartzCore.framework; path = System/Library/Frameworks/QuartzCore.framework; sourceTree = SDKROOT; };
		9229D04D15C2A95F00BB59F0 /* Common.h */ = {isa = PBXFileReference; fileEncoding = 4; lastKnownFileType = sourcecode.c.h; path = Common.h; sourceTree = "<group>"; };
		9229D04E15C2A95F00BB59F0 /* Common.m */ = {isa = PBXFileReference; fileEncoding = 4; lastKnownFileType = sourcecode.c.objc; path = Common.m; sourceTree = "<group>"; };
		9229D05015C2B19E00BB59F0 /* README */ = {isa = PBXFileReference; fileEncoding = 4; lastKnownFileType = text; path = README; sourceTree = "<group>"; };
/* End PBXFileReference section */

/* Begin PBXFrameworksBuildPhase section */
		9229D02015C2A7F500BB59F0 /* Frameworks */ = {
			isa = PBXFrameworksBuildPhase;
			buildActionMask = 2147483647;
			files = (
				9229D04815C2A85900BB59F0 /* QuartzCore.framework in Frameworks */,
				9229D02815C2A7F500BB59F0 /* UIKit.framework in Frameworks */,
				9229D02A15C2A7F500BB59F0 /* Foundation.framework in Frameworks */,
				9229D02C15C2A7F500BB59F0 /* CoreGraphics.framework in Frameworks */,
			);
			runOnlyForDeploymentPostprocessing = 0;
		};
/* End PBXFrameworksBuildPhase section */

/* Begin PBXGroup section */
		9229D01815C2A7F500BB59F0 = {
			isa = PBXGroup;
			children = (
				9229D05015C2B19E00BB59F0 /* README */,
				9229D02D15C2A7F500BB59F0 /* PapersBackgroundDemo */,
				9229D02615C2A7F500BB59F0 /* Frameworks */,
				9229D02415C2A7F500BB59F0 /* Products */,
			);
			sourceTree = "<group>";
		};
		9229D02415C2A7F500BB59F0 /* Products */ = {
			isa = PBXGroup;
			children = (
				9229D02315C2A7F500BB59F0 /* PapersBackgroundDemo.app */,
			);
			name = Products;
			sourceTree = "<group>";
		};
		9229D02615C2A7F500BB59F0 /* Frameworks */ = {
			isa = PBXGroup;
			children = (
				9229D04715C2A85900BB59F0 /* QuartzCore.framework */,
				9229D02715C2A7F500BB59F0 /* UIKit.framework */,
				9229D02915C2A7F500BB59F0 /* Foundation.framework */,
				9229D02B15C2A7F500BB59F0 /* CoreGraphics.framework */,
			);
			name = Frameworks;
			sourceTree = "<group>";
		};
		9229D02D15C2A7F500BB59F0 /* PapersBackgroundDemo */ = {
			isa = PBXGroup;
			children = (
				9229D04D15C2A95F00BB59F0 /* Common.h */,
				9229D04E15C2A95F00BB59F0 /* Common.m */,
				9229D03615C2A7F500BB59F0 /* WAAppDelegate.h */,
				9229D03715C2A7F500BB59F0 /* WAAppDelegate.m */,
				9229D03915C2A7F500BB59F0 /* WAViewController.h */,
				9229D03A15C2A7F500BB59F0 /* WAViewController.m */,
				9229D03C15C2A7F500BB59F0 /* WAViewController.xib */,
				9229D02E15C2A7F500BB59F0 /* Supporting Files */,
				9229D04415C2A80F00BB59F0 /* PaperDrawable.h */,
				9229D04515C2A80F00BB59F0 /* PaperDrawable.m */,
			);
			path = PapersBackgroundDemo;
			sourceTree = "<group>";
		};
		9229D02E15C2A7F500BB59F0 /* Supporting Files */ = {
			isa = PBXGroup;
			children = (
				9229D02F15C2A7F500BB59F0 /* PapersBackgroundDemo-Info.plist */,
				9229D03015C2A7F500BB59F0 /* InfoPlist.strings */,
				9229D03315C2A7F500BB59F0 /* main.m */,
				9229D03515C2A7F500BB59F0 /* PapersBackgroundDemo-Prefix.pch */,
			);
			name = "Supporting Files";
			sourceTree = "<group>";
		};
/* End PBXGroup section */

/* Begin PBXNativeTarget section */
		9229D02215C2A7F500BB59F0 /* PapersBackgroundDemo */ = {
			isa = PBXNativeTarget;
			buildConfigurationList = 9229D04115C2A7F500BB59F0 /* Build configuration list for PBXNativeTarget "PapersBackgroundDemo" */;
			buildPhases = (
				9229D01F15C2A7F500BB59F0 /* Sources */,
				9229D02015C2A7F500BB59F0 /* Frameworks */,
				9229D02115C2A7F500BB59F0 /* Resources */,
			);
			buildRules = (
			);
			dependencies = (
			);
			name = PapersBackgroundDemo;
			productName = PapersBackgroundDemo;
			productReference = 9229D02315C2A7F500BB59F0 /* PapersBackgroundDemo.app */;
			productType = "com.apple.product-type.application";
		};
/* End PBXNativeTarget section */

/* Begin PBXProject section */
		9229D01A15C2A7F500BB59F0 /* Project object */ = {
			isa = PBXProject;
			attributes = {
				LastUpgradeCheck = 0420;
			};
			buildConfigurationList = 9229D01D15C2A7F500BB59F0 /* Build configuration list for PBXProject "PapersBackgroundDemo" */;
			compatibilityVersion = "Xcode 3.2";
			developmentRegion = English;
			hasScannedForEncodings = 0;
			knownRegions = (
				en,
			);
			mainGroup = 9229D01815C2A7F500BB59F0;
			productRefGroup = 9229D02415C2A7F500BB59F0 /* Products */;
			projectDirPath = "";
			projectRoot = "";
			targets = (
				9229D02215C2A7F500BB59F0 /* PapersBackgroundDemo */,
			);
		};
/* End PBXProject section */

/* Begin PBXResourcesBuildPhase section */
		9229D02115C2A7F500BB59F0 /* Resources */ = {
			isa = PBXResourcesBuildPhase;
			buildActionMask = 2147483647;
			files = (
				9229D03215C2A7F500BB59F0 /* InfoPlist.strings in Resources */,
				9229D03E15C2A7F500BB59F0 /* WAViewController.xib in Resources */,
				9229D05115C2B19E00BB59F0 /* README in Resources */,
			);
			runOnlyForDeploymentPostprocessing = 0;
		};
/* End PBXResourcesBuildPhase section */

/* Begin PBXSourcesBuildPhase section */
		9229D01F15C2A7F500BB59F0 /* Sources */ = {
			isa = PBXSourcesBuildPhase;
			buildActionMask = 2147483647;
			files = (
				9229D03415C2A7F500BB59F0 /* main.m in Sources */,
				9229D03815C2A7F500BB59F0 /* WAAppDelegate.m in Sources */,
				9229D03B15C2A7F500BB59F0 /* WAViewController.m in Sources */,
				9229D04615C2A80F00BB59F0 /* PaperDrawable.m in Sources */,
				9229D04F15C2A95F00BB59F0 /* Common.m in Sources */,
			);
			runOnlyForDeploymentPostprocessing = 0;
		};
/* End PBXSourcesBuildPhase section */

/* Begin PBXVariantGroup section */
		9229D03015C2A7F500BB59F0 /* InfoPlist.strings */ = {
			isa = PBXVariantGroup;
			children = (
				9229D03115C2A7F500BB59F0 /* en */,
			);
			name = InfoPlist.strings;
			sourceTree = "<group>";
		};
		9229D03C15C2A7F500BB59F0 /* WAViewController.xib */ = {
			isa = PBXVariantGroup;
			children = (
				9229D03D15C2A7F500BB59F0 /* en */,
			);
			name = WAViewController.xib;
			sourceTree = "<group>";
		};
/* End PBXVariantGroup section */

/* Begin XCBuildConfiguration section */
		9229D03F15C2A7F500BB59F0 /* Debug */ = {
			isa = XCBuildConfiguration;
			buildSettings = {
				ALWAYS_SEARCH_USER_PATHS = NO;
				ARCHS = "$(ARCHS_STANDARD_32_BIT)";
				"CODE_SIGN_IDENTITY[sdk=iphoneos*]" = "iPhone Developer";
				COPY_PHASE_STRIP = NO;
				GCC_C_LANGUAGE_STANDARD = gnu99;
				GCC_DYNAMIC_NO_PIC = NO;
				GCC_OPTIMIZATION_LEVEL = 0;
				GCC_PREPROCESSOR_DEFINITIONS = (
					"DEBUG=1",
					"$(inherited)",
				);
				GCC_SYMBOLS_PRIVATE_EXTERN = NO;
				GCC_VERSION = com.apple.compilers.llvm.clang.1_0;
				GCC_WARN_ABOUT_MISSING_PROTOTYPES = YES;
				GCC_WARN_ABOUT_RETURN_TYPE = YES;
				GCC_WARN_UNUSED_VARIABLE = YES;
				IPHONEOS_DEPLOYMENT_TARGET = 5.0;
				SDKROOT = iphoneos;
			};
			name = Debug;
		};
		9229D04015C2A7F500BB59F0 /* Release */ = {
			isa = XCBuildConfiguration;
			buildSettings = {
				ALWAYS_SEARCH_USER_PATHS = NO;
				ARCHS = "$(ARCHS_STANDARD_32_BIT)";
				"CODE_SIGN_IDENTITY[sdk=iphoneos*]" = "iPhone Developer";
				COPY_PHASE_STRIP = YES;
				GCC_C_LANGUAGE_STANDARD = gnu99;
				GCC_VERSION = com.apple.compilers.llvm.clang.1_0;
				GCC_WARN_ABOUT_MISSING_PROTOTYPES = YES;
				GCC_WARN_ABOUT_RETURN_TYPE = YES;
				GCC_WARN_UNUSED_VARIABLE = YES;
				IPHONEOS_DEPLOYMENT_TARGET = 5.0;
				OTHER_CFLAGS = "-DNS_BLOCK_ASSERTIONS=1";
				SDKROOT = iphoneos;
				VALIDATE_PRODUCT = YES;
			};
			name = Release;
		};
		9229D04215C2A7F500BB59F0 /* Debug */ = {
			isa = XCBuildConfiguration;
			buildSettings = {
				GCC_PRECOMPILE_PREFIX_HEADER = YES;
				GCC_PREFIX_HEADER = "PapersBackgroundDemo/PapersBackgroundDemo-Prefix.pch";
				INFOPLIST_FILE = "PapersBackgroundDemo/PapersBackgroundDemo-Info.plist";
				PRODUCT_NAME = "$(TARGET_NAME)";
				WRAPPER_EXTENSION = app;
			};
			name = Debug;
		};
		9229D04315C2A7F500BB59F0 /* Release */ = {
			isa = XCBuildConfiguration;
			buildSettings = {
				GCC_PRECOMPILE_PREFIX_HEADER = YES;
				GCC_PREFIX_HEADER = "PapersBackgroundDemo/PapersBackgroundDemo-Prefix.pch";
				INFOPLIST_FILE = "PapersBackgroundDemo/PapersBackgroundDemo-Info.plist";
				PRODUCT_NAME = "$(TARGET_NAME)";
				WRAPPER_EXTENSION = app;
			};
			name = Release;
		};
/* End XCBuildConfiguration section */

/* Begin XCConfigurationList section */
		9229D01D15C2A7F500BB59F0 /* Build configuration list for PBXProject "PapersBackgroundDemo" */ = {
			isa = XCConfigurationList;
			buildConfigurations = (
				9229D03F15C2A7F500BB59F0 /* Debug */,
				9229D04015C2A7F500BB59F0 /* Release */,
			);
			defaultConfigurationIsVisible = 0;
			defaultConfigurationName = Release;
		};
		9229D04115C2A7F500BB59F0 /* Build configuration list for PBXNativeTarget "PapersBackgroundDemo" */ = {
			isa = XCConfigurationList;
			buildConfigurations = (
				9229D04215C2A7F500BB59F0 /* Debug */,
				9229D04315C2A7F500BB59F0 /* Release */,
			);
			defaultConfigurationIsVisible = 0;
		};
/* End XCConfigurationList section */
	};
	rootObject = 9229D01A15C2A7F500BB59F0 /* Project object */;
}
